<Solution>
  <Folder Name="/src/">
    <Project Path="src/RentCarServer.Application/RentCarServer.Application.csproj" />
    <Project Path="src/RentCarServer.Domain/RentCarServer.Domain.csproj" />
    <Project Path="src/RentCarServer.Infrastructure/RentCarServer.Infrastructure.csproj" />
    <Project Path="src/RentCarServer.WebAPI/RentCarServer.WebAPI.csproj" Id="7bb8278c-d8fb-4221-816a-b24987705154" />
  </Folder>
</Solution>
